
Microsoft Visual Studio Solution File, Format Version 12.00
# Visual Studio Version 17
VisualStudioVersion = 17.4.33213.308
MinimumVisualStudioVersion = 10.0.40219.1
Project("{FAE04EC0-301F-11D3-BF4B-00C04F79EFBC}") = "Arendehanteringssystem", "Arendehanteringssystem.csproj", "{7E1487DC-FC26-4E51-9757-6B9E146132DE}"
EndProject
Global
	GlobalSection(SolutionConfigurationPlatforms) = preSolution
		Debug|Any CPU = Debug|Any CPU
		Release|Any CPU = Release|Any CPU
	EndGlobalSection
	GlobalSection(ProjectConfigurationPlatforms) = postSolution
		{7E1487DC-FC26-4E51-9757-6B9E146132DE}.Debug|Any CPU.ActiveCfg = Debug|Any CPU
		{7E1487DC-FC26-4E51-9757-6B9E146132DE}.Debug|Any CPU.Build.0 = Debug|Any CPU
		{7E1487DC-FC26-4E51-9757-6B9E146132DE}.Release|Any CPU.ActiveCfg = Release|Any CPU
		{7E1487DC-FC26-4E51-9757-6B9E146132DE}.Release|Any CPU.Build.0 = Release|Any CPU
	EndGlobalSection
	GlobalSection(SolutionProperties) = preSolution
		HideSolutionNode = FALSE
	EndGlobalSection
	GlobalSection(ExtensibilityGlobals) = postSolution
		SolutionGuid = {3FC29C25-BA47-4120-AAC0-9904CC16EF34}
	EndGlobalSection
EndGlobal
